
Microsoft Visual Studio Solution File, Format Version 11.00
# Visual Studio 2010
Project("{FAE04EC0-301F-11D3-BF4B-00C04F79EFBC}") = "GameJamOctober2017", "Assembly-CSharp.csproj", "{2D1B964C-1864-7970-F278-02657B3F9061}"
EndProject
Project("{FAE04EC0-301F-11D3-BF4B-00C04F79EFBC}") = "GameJamOctober2017", "Assembly-CSharp-Editor.csproj", "{3A121C59-39F3-9A2C-A9D5-23C8612C4371}"
EndProject
Global
	GlobalSection(SolutionConfigurationPlatforms) = preSolution
		Debug|Any CPU = Debug|Any CPU
		Release|Any CPU = Release|Any CPU
	EndGlobalSection
	GlobalSection(ProjectConfigurationPlatforms) = postSolution
		{2D1B964C-1864-7970-F278-02657B3F9061}.Debug|Any CPU.ActiveCfg = Debug|Any CPU
		{2D1B964C-1864-7970-F278-02657B3F9061}.Debug|Any CPU.Build.0 = Debug|Any CPU
		{2D1B964C-1864-7970-F278-02657B3F9061}.Release|Any CPU.ActiveCfg = Release|Any CPU
		{2D1B964C-1864-7970-F278-02657B3F9061}.Release|Any CPU.Build.0 = Release|Any CPU
		{3A121C59-39F3-9A2C-A9D5-23C8612C4371}.Debug|Any CPU.ActiveCfg = Debug|Any CPU
		{3A121C59-39F3-9A2C-A9D5-23C8612C4371}.Debug|Any CPU.Build.0 = Debug|Any CPU
		{3A121C59-39F3-9A2C-A9D5-23C8612C4371}.Release|Any CPU.ActiveCfg = Release|Any CPU
		{3A121C59-39F3-9A2C-A9D5-23C8612C4371}.Release|Any CPU.Build.0 = Release|Any CPU
	EndGlobalSection
	GlobalSection(SolutionProperties) = preSolution
		HideSolutionNode = FALSE
	EndGlobalSection
	GlobalSection(MonoDevelopProperties) = preSolution
		StartupItem = Assembly-CSharp.csproj
	EndGlobalSection
EndGlobal
